
Microsoft Visual Studio Solution File, Format Version 12.00
# Visual Studio Version 16
VisualStudioVersion = 16.0.30523.141
MinimumVisualStudioVersion = 10.0.40219.1
Project("{FAE04EC0-301F-11D3-BF4B-00C04F79EFBC}") = "servidor chat", "servidor chat\servidor chat.csproj", "{C0CA7190-7926-44F1-8048-3F57FCE767F1}"
EndProject
Global
	GlobalSection(SolutionConfigurationPlatforms) = preSolution
		Debug|Any CPU = Debug|Any CPU
		Release|Any CPU = Release|Any CPU
	EndGlobalSection
	GlobalSection(ProjectConfigurationPlatforms) = postSolution
		{C0CA7190-7926-44F1-8048-3F57FCE767F1}.Debug|Any CPU.ActiveCfg = Debug|Any CPU
		{C0CA7190-7926-44F1-8048-3F57FCE767F1}.Debug|Any CPU.Build.0 = Debug|Any CPU
		{C0CA7190-7926-44F1-8048-3F57FCE767F1}.Release|Any CPU.ActiveCfg = Release|Any CPU
		{C0CA7190-7926-44F1-8048-3F57FCE767F1}.Release|Any CPU.Build.0 = Release|Any CPU
	EndGlobalSection
	GlobalSection(SolutionProperties) = preSolution
		HideSolutionNode = FALSE
	EndGlobalSection
	GlobalSection(ExtensibilityGlobals) = postSolution
		SolutionGuid = {83DBD600-2BBA-439B-A5A2-BD0586B77E6F}
	EndGlobalSection
EndGlobal
